
Microsoft Visual Studio Solution File, Format Version 12.00
# Visual Studio 2013
Project("{FAE04EC0-301F-11D3-BF4B-00C04F79EFBC}") = "UnityVS.PhysicalIB.CSharp", "UnityVS.PhysicalIB.CSharp.csproj", "{5BA1765C-5F28-ACFA-2F13-E8D622622E63}"
EndProject
Project("{FAE04EC0-301F-11D3-BF4B-00C04F79EFBC}") = "UnityVS.PhysicalIB.CSharp.Editor", "UnityVS.PhysicalIB.CSharp.Editor.csproj", "{40B5A4BF-CA52-1B2E-E054-BA66B1132B6B}"
EndProject
Global
	GlobalSection(SolutionConfigurationPlatforms) = preSolution
		Debug|Any CPU = Debug|Any CPU
		Release|Any CPU = Release|Any CPU
	EndGlobalSection
	GlobalSection(ProjectConfigurationPlatforms) = postSolution
		{5BA1765C-5F28-ACFA-2F13-E8D622622E63}.Debug|Any CPU.ActiveCfg = Debug|Any CPU
		{5BA1765C-5F28-ACFA-2F13-E8D622622E63}.Debug|Any CPU.Build.0 = Debug|Any CPU
		{5BA1765C-5F28-ACFA-2F13-E8D622622E63}.Release|Any CPU.ActiveCfg = Release|Any CPU
		{5BA1765C-5F28-ACFA-2F13-E8D622622E63}.Release|Any CPU.Build.0 = Release|Any CPU
		{40B5A4BF-CA52-1B2E-E054-BA66B1132B6B}.Debug|Any CPU.ActiveCfg = Debug|Any CPU
		{40B5A4BF-CA52-1B2E-E054-BA66B1132B6B}.Debug|Any CPU.Build.0 = Debug|Any CPU
		{40B5A4BF-CA52-1B2E-E054-BA66B1132B6B}.Release|Any CPU.ActiveCfg = Release|Any CPU
		{40B5A4BF-CA52-1B2E-E054-BA66B1132B6B}.Release|Any CPU.Build.0 = Release|Any CPU
	EndGlobalSection
	GlobalSection(SolutionProperties) = preSolution
		HideSolutionNode = FALSE
	EndGlobalSection
EndGlobal
